
Microsoft Visual Studio Solution File, Format Version 12.00
Project("{2150E333-8FDC-42A3-9474-1A3956D46DE8}") = "Arrays", "Arrays", "{04E04498-E6ED-4AAD-86CE-384D366A345D}"
EndProject
Project("{FAE04EC0-301F-11D3-BF4B-00C04F79EFBC}") = "RemoveDuplicates", "RemoveDuplicates\RemoveDuplicates.csproj", "{8160A74D-CE6A-4F54-A51F-3E6B3410FFCC}"
EndProject
Project("{FAE04EC0-301F-11D3-BF4B-00C04F79EFBC}") = "BestTimeToBuyAndSell", "BestTimeToBuyAndSell\BestTimeToBuyAndSell.csproj", "{3ECC47E2-F01C-4EE3-84CC-073BF3B0DD50}"
EndProject
Global
	GlobalSection(SolutionConfigurationPlatforms) = preSolution
		Debug|Any CPU = Debug|Any CPU
		Release|Any CPU = Release|Any CPU
	EndGlobalSection
	GlobalSection(ProjectConfigurationPlatforms) = postSolution
		{8160A74D-CE6A-4F54-A51F-3E6B3410FFCC}.Debug|Any CPU.ActiveCfg = Debug|Any CPU
		{8160A74D-CE6A-4F54-A51F-3E6B3410FFCC}.Debug|Any CPU.Build.0 = Debug|Any CPU
		{8160A74D-CE6A-4F54-A51F-3E6B3410FFCC}.Release|Any CPU.ActiveCfg = Release|Any CPU
		{8160A74D-CE6A-4F54-A51F-3E6B3410FFCC}.Release|Any CPU.Build.0 = Release|Any CPU
		{3ECC47E2-F01C-4EE3-84CC-073BF3B0DD50}.Debug|Any CPU.ActiveCfg = Debug|Any CPU
		{3ECC47E2-F01C-4EE3-84CC-073BF3B0DD50}.Debug|Any CPU.Build.0 = Debug|Any CPU
		{3ECC47E2-F01C-4EE3-84CC-073BF3B0DD50}.Release|Any CPU.ActiveCfg = Release|Any CPU
		{3ECC47E2-F01C-4EE3-84CC-073BF3B0DD50}.Release|Any CPU.Build.0 = Release|Any CPU
	EndGlobalSection
	GlobalSection(NestedProjects) = preSolution
		{8160A74D-CE6A-4F54-A51F-3E6B3410FFCC} = {04E04498-E6ED-4AAD-86CE-384D366A345D}
		{3ECC47E2-F01C-4EE3-84CC-073BF3B0DD50} = {04E04498-E6ED-4AAD-86CE-384D366A345D}
	EndGlobalSection
EndGlobal
